
Microsoft Visual Studio Solution File, Format Version 12.00
# Visual Studio Version 17
VisualStudioVersion = 17.9.34714.143
MinimumVisualStudioVersion = 10.0.40219.1
Project("{9A19103F-16F7-4668-BE54-9A1E7A4F7556}") = "GithubActors", "GithubActors.csproj", "{DBC93FCB-A009-4B4A-8E0D-CEAB2CBCEF5D}"
EndProject
Global
	GlobalSection(SolutionConfigurationPlatforms) = preSolution
		Debug|Any CPU = Debug|Any CPU
		Release|Any CPU = Release|Any CPU
	EndGlobalSection
	GlobalSection(ProjectConfigurationPlatforms) = postSolution
		{DBC93FCB-A009-4B4A-8E0D-CEAB2CBCEF5D}.Debug|Any CPU.ActiveCfg = Debug|Any CPU
		{DBC93FCB-A009-4B4A-8E0D-CEAB2CBCEF5D}.Debug|Any CPU.Build.0 = Debug|Any CPU
		{DBC93FCB-A009-4B4A-8E0D-CEAB2CBCEF5D}.Release|Any CPU.ActiveCfg = Release|Any CPU
		{DBC93FCB-A009-4B4A-8E0D-CEAB2CBCEF5D}.Release|Any CPU.Build.0 = Release|Any CPU
	EndGlobalSection
	GlobalSection(SolutionProperties) = preSolution
		HideSolutionNode = FALSE
	EndGlobalSection
	GlobalSection(ExtensibilityGlobals) = postSolution
		SolutionGuid = {5D170D3B-6E9A-4BCD-84C8-ECF955E5FC0D}
	EndGlobalSection
EndGlobal
