
Microsoft Visual Studio Solution File, Format Version 12.00
# Visual Studio Version 17
VisualStudioVersion = 17.5.002.0
MinimumVisualStudioVersion = 10.0.40219.1
Project("{9A19103F-16F7-4668-BE54-9A1E7A4F7556}") = "ChartApp", "ChartApp.csproj", "{EF421D98-1CB0-42A7-A23E-F2B425DE71ED}"
EndProject
Global
	GlobalSection(SolutionConfigurationPlatforms) = preSolution
		Debug|Any CPU = Debug|Any CPU
		Release|Any CPU = Release|Any CPU
	EndGlobalSection
	GlobalSection(ProjectConfigurationPlatforms) = postSolution
		{EF421D98-1CB0-42A7-A23E-F2B425DE71ED}.Debug|Any CPU.ActiveCfg = Debug|Any CPU
		{EF421D98-1CB0-42A7-A23E-F2B425DE71ED}.Debug|Any CPU.Build.0 = Debug|Any CPU
		{EF421D98-1CB0-42A7-A23E-F2B425DE71ED}.Release|Any CPU.ActiveCfg = Release|Any CPU
		{EF421D98-1CB0-42A7-A23E-F2B425DE71ED}.Release|Any CPU.Build.0 = Release|Any CPU
	EndGlobalSection
	GlobalSection(SolutionProperties) = preSolution
		HideSolutionNode = FALSE
	EndGlobalSection
	GlobalSection(ExtensibilityGlobals) = postSolution
		SolutionGuid = {78D0C4E7-F608-4808-9343-1D36ECC7B131}
	EndGlobalSection
EndGlobal
